
Microsoft Visual Studio Solution File, Format Version 12.00
# Visual Studio Version 17
VisualStudioVersion = 17.4.33213.308
MinimumVisualStudioVersion = 10.0.40219.1
Project("{FAE04EC0-301F-11D3-BF4B-00C04F79EFBC}") = "sqlapp", "sqlapp\sqlapp.csproj", "{C7590278-FEC4-418C-B9A4-10BAA5984943}"
EndProject
Global
	GlobalSection(SolutionConfigurationPlatforms) = preSolution
		Debug|Any CPU = Debug|Any CPU
		Release|Any CPU = Release|Any CPU
	EndGlobalSection
	GlobalSection(ProjectConfigurationPlatforms) = postSolution
		{C7590278-FEC4-418C-B9A4-10BAA5984943}.Debug|Any CPU.ActiveCfg = Debug|Any CPU
		{C7590278-FEC4-418C-B9A4-10BAA5984943}.Debug|Any CPU.Build.0 = Debug|Any CPU
		{C7590278-FEC4-418C-B9A4-10BAA5984943}.Release|Any CPU.ActiveCfg = Release|Any CPU
		{C7590278-FEC4-418C-B9A4-10BAA5984943}.Release|Any CPU.Build.0 = Release|Any CPU
	EndGlobalSection
	GlobalSection(SolutionProperties) = preSolution
		HideSolutionNode = FALSE
	EndGlobalSection
	GlobalSection(ExtensibilityGlobals) = postSolution
		SolutionGuid = {D91AB0C8-BE43-48E2-890A-228895067A2A}
	EndGlobalSection
EndGlobal
